// !$*UTF8*$!
{
	archiveVersion = 1;
	classes = {
	};
	objectVersion = 55;
	objects = {

/* Begin PBXBuildFile section */
		0649D30123580FEC7F260E85 /* Pods_RevealTests.framework in Frameworks */ = {isa = PBXBuildFile; fileRef = 2F7F42861A23B0C44FF7A589 /* Pods_RevealTests.framework */; };
		425977CD28877EC200B05245 /* ProfileViewModel.swift in Sources */ = {isa = PBXBuildFile; fileRef = 425977CC28877EC200B05245 /* ProfileViewModel.swift */; };
		425977D128879C5C00B05245 /* RevealRowViewModel.swift in Sources */ = {isa = PBXBuildFile; fileRef = 425977D028879C5C00B05245 /* RevealRowViewModel.swift */; };
		425C397128802A4F00171B22 /* GoogleService-Info.plist in Resources */ = {isa = PBXBuildFile; fileRef = 425C397028802A4F00171B22 /* GoogleService-Info.plist */; };
		4262E5582871D3C600BE3BCF /* SideMenuOptionRowView.swift in Sources */ = {isa = PBXBuildFile; fileRef = 4262E5572871D3C600BE3BCF /* SideMenuOptionRowView.swift */; };
		4262E55D2871ECAD00BE3BCF /* NewRevealView.swift in Sources */ = {isa = PBXBuildFile; fileRef = 4262E55C2871ECAD00BE3BCF /* NewRevealView.swift */; };
		4262E55F287207A300BE3BCF /* TextArea.swift in Sources */ = {isa = PBXBuildFile; fileRef = 4262E55E287207A300BE3BCF /* TextArea.swift */; };
		4263DA5B2883C092003C109B /* FirebaseAnalytics in Frameworks */ = {isa = PBXBuildFile; productRef = 4263DA5A2883C092003C109B /* FirebaseAnalytics */; };
		4263DA5D2883C092003C109B /* FirebaseAnalyticsSwift in Frameworks */ = {isa = PBXBuildFile; productRef = 4263DA5C2883C092003C109B /* FirebaseAnalyticsSwift */; };
		4263DA5F2883C092003C109B /* FirebaseAuth in Frameworks */ = {isa = PBXBuildFile; productRef = 4263DA5E2883C092003C109B /* FirebaseAuth */; };
		4263DA612883C092003C109B /* FirebaseFirestore in Frameworks */ = {isa = PBXBuildFile; productRef = 4263DA602883C092003C109B /* FirebaseFirestore */; };
		4263DA632883C092003C109B /* FirebaseFirestoreSwift in Frameworks */ = {isa = PBXBuildFile; productRef = 4263DA622883C092003C109B /* FirebaseFirestoreSwift */; };
		4263DA652883C092003C109B /* FirebaseStorage in Frameworks */ = {isa = PBXBuildFile; productRef = 4263DA642883C092003C109B /* FirebaseStorage */; };
		426496212885B445004909B4 /* UserService.swift in Sources */ = {isa = PBXBuildFile; fileRef = 426496202885B445004909B4 /* UserService.swift */; };
		426496232885BDE3004909B4 /* User.swift in Sources */ = {isa = PBXBuildFile; fileRef = 426496222885BDE3004909B4 /* User.swift */; };
		426496262885CEDC004909B4 /* Kingfisher in Frameworks */ = {isa = PBXBuildFile; productRef = 426496252885CEDC004909B4 /* Kingfisher */; };
		426496292885F3A2004909B4 /* ExploreViewModel.swift in Sources */ = {isa = PBXBuildFile; fileRef = 426496282885F3A2004909B4 /* ExploreViewModel.swift */; };
		42ACAE16286F3604009970FA /* NotificationsView.swift in Sources */ = {isa = PBXBuildFile; fileRef = 42ACAE15286F3604009970FA /* NotificationsView.swift */; };
		42ACAE18286F361E009970FA /* MessagesView.swift in Sources */ = {isa = PBXBuildFile; fileRef = 42ACAE17286F361E009970FA /* MessagesView.swift */; };
		42ACAE1C286F44F7009970FA /* ProfileView.swift in Sources */ = {isa = PBXBuildFile; fileRef = 42ACAE1B286F44F7009970FA /* ProfileView.swift */; };
		42B6414B2880CCE80096A05E /* AuthViewModel.swift in Sources */ = {isa = PBXBuildFile; fileRef = 42B6414A2880CCE80096A05E /* AuthViewModel.swift */; };
		42B6414D28819D7A0096A05E /* ProfilePhotoSelectorView.swift in Sources */ = {isa = PBXBuildFile; fileRef = 42B6414C28819D7A0096A05E /* ProfilePhotoSelectorView.swift */; };
		42B641522881B13F0096A05E /* ImagePicker.swift in Sources */ = {isa = PBXBuildFile; fileRef = 42B641512881B13F0096A05E /* ImagePicker.swift */; };
		42B64155288315DA0096A05E /* ImageUploader.swift in Sources */ = {isa = PBXBuildFile; fileRef = 42B64154288315D90096A05E /* ImageUploader.swift */; };
		42BD0CF8286F1D0000001CD7 /* RevealApp.swift in Sources */ = {isa = PBXBuildFile; fileRef = 42BD0CF7286F1D0000001CD7 /* RevealApp.swift */; };
		42BD0CFA286F1D0000001CD7 /* ContentView.swift in Sources */ = {isa = PBXBuildFile; fileRef = 42BD0CF9286F1D0000001CD7 /* ContentView.swift */; };
		42BD0CFC286F1D1A00001CD7 /* Assets.xcassets in Resources */ = {isa = PBXBuildFile; fileRef = 42BD0CFB286F1D1A00001CD7 /* Assets.xcassets */; };
		42BD0CFF286F1D1A00001CD7 /* Preview Assets.xcassets in Resources */ = {isa = PBXBuildFile; fileRef = 42BD0CFE286F1D1A00001CD7 /* Preview Assets.xcassets */; };
		42BD0D09286F1D1B00001CD7 /* RevalTests.swift in Sources */ = {isa = PBXBuildFile; fileRef = 42BD0D08286F1D1B00001CD7 /* RevalTests.swift */; };
		42BD0D13286F1D1C00001CD7 /* RevealUITests.swift in Sources */ = {isa = PBXBuildFile; fileRef = 42BD0D12286F1D1C00001CD7 /* RevealUITests.swift */; };
		42BD0D15286F1D1C00001CD7 /* RevealUITestsLaunchTests.swift in Sources */ = {isa = PBXBuildFile; fileRef = 42BD0D14286F1D1C00001CD7 /* RevealUITestsLaunchTests.swift */; };
		42BD0D2E286F216000001CD7 /* FeedView.swift in Sources */ = {isa = PBXBuildFile; fileRef = 42BD0D2D286F216000001CD7 /* FeedView.swift */; };
		42BD0D31286F23BC00001CD7 /* RevealsRowView.swift in Sources */ = {isa = PBXBuildFile; fileRef = 42BD0D30286F23BC00001CD7 /* RevealsRowView.swift */; };
		42BD0D34286F336F00001CD7 /* MainTabView.swift in Sources */ = {isa = PBXBuildFile; fileRef = 42BD0D33286F336E00001CD7 /* MainTabView.swift */; };
		42BD0D3A286F354700001CD7 /* ExploreView.swift in Sources */ = {isa = PBXBuildFile; fileRef = 42BD0D39286F354700001CD7 /* ExploreView.swift */; };
		42C56E3728710BD60049CB10 /* UserRowView.swift in Sources */ = {isa = PBXBuildFile; fileRef = 42C56E3628710BD60049CB10 /* UserRowView.swift */; };
		42C56E3C287133110049CB10 /* SideMenuView.swift in Sources */ = {isa = PBXBuildFile; fileRef = 42C56E3B287133110049CB10 /* SideMenuView.swift */; };
		42C56E3E287133230049CB10 /* SideMenuRowView.swift in Sources */ = {isa = PBXBuildFile; fileRef = 42C56E3D287133230049CB10 /* SideMenuRowView.swift */; };
		42C56E40287133660049CB10 /* SideMenuViewModel.swift in Sources */ = {isa = PBXBuildFile; fileRef = 42C56E3F287133660049CB10 /* SideMenuViewModel.swift */; };
		42C56E4228713C9B0049CB10 /* UserStatsView.swift in Sources */ = {isa = PBXBuildFile; fileRef = 42C56E4128713C9B0049CB10 /* UserStatsView.swift */; };
		42E5F1652870E2CB005367CA /* RevealFilterViewModel.swift in Sources */ = {isa = PBXBuildFile; fileRef = 42E5F1642870E2CB005367CA /* RevealFilterViewModel.swift */; };
		42E872A628734C4100976998 /* LoginView.swift in Sources */ = {isa = PBXBuildFile; fileRef = 42E872A528734C4100976998 /* LoginView.swift */; };
		42E872A828734C5100976998 /* RegistrationView.swift in Sources */ = {isa = PBXBuildFile; fileRef = 42E872A728734C5100976998 /* RegistrationView.swift */; };
		42E872AA28734EDD00976998 /* RoundedShape.swift in Sources */ = {isa = PBXBuildFile; fileRef = 42E872A928734EDD00976998 /* RoundedShape.swift */; };
		42E872B02873AAAB00976998 /* CustomInputField.swift in Sources */ = {isa = PBXBuildFile; fileRef = 42E872AF2873AAAB00976998 /* CustomInputField.swift */; };
		42E872B32873D23500976998 /* AuthHeaderView.swift in Sources */ = {isa = PBXBuildFile; fileRef = 42E872B22873D23500976998 /* AuthHeaderView.swift */; };
		42E8C468288631BE00E6437C /* SearchBar.swift in Sources */ = {isa = PBXBuildFile; fileRef = 42E8C467288631BE00E6437C /* SearchBar.swift */; };
		42E8C46A28864F4D00E6437C /* RevealService.swift in Sources */ = {isa = PBXBuildFile; fileRef = 42E8C46928864F4D00E6437C /* RevealService.swift */; };
		42E8C46D288652A400E6437C /* UploadRevealViewModel.swift in Sources */ = {isa = PBXBuildFile; fileRef = 42E8C46C288652A400E6437C /* UploadRevealViewModel.swift */; };
		42E8C47028866A1700E6437C /* FeedViewModel.swift in Sources */ = {isa = PBXBuildFile; fileRef = 42E8C46F28866A1700E6437C /* FeedViewModel.swift */; };
		42E8C47228866D6000E6437C /* Reveal.swift in Sources */ = {isa = PBXBuildFile; fileRef = 42E8C47128866D6000E6437C /* Reveal.swift */; };
		5CF04E0AAB6D0DDC2BDC1865 /* Pods_Reveal.framework in Frameworks */ = {isa = PBXBuildFile; fileRef = DA5B9565403A397D8E500FC1 /* Pods_Reveal.framework */; };
		EC4643D8BFB20A4F3A8E9087 /* Pods_Reveal_RevealUITests.framework in Frameworks */ = {isa = PBXBuildFile; fileRef = BB2FD549897F0EB7E7AA3ED4 /* Pods_Reveal_RevealUITests.framework */; };
/* End PBXBuildFile section */

/* Begin PBXContainerItemProxy section */
		42BD0D05286F1D1B00001CD7 /* PBXContainerItemProxy */ = {
			isa = PBXContainerItemProxy;
			containerPortal = 42BD0CEC286F1D0000001CD7 /* Project object */;
			proxyType = 1;
			remoteGlobalIDString = 42BD0CF3286F1D0000001CD7;
			remoteInfo = Ebon;
		};
		42BD0D0F286F1D1C00001CD7 /* PBXContainerItemProxy */ = {
			isa = PBXContainerItemProxy;
			containerPortal = 42BD0CEC286F1D0000001CD7 /* Project object */;
			proxyType = 1;
			remoteGlobalIDString = 42BD0CF3286F1D0000001CD7;
			remoteInfo = Ebon;
		};
/* End PBXContainerItemProxy section */

/* Begin PBXFileReference section */
		0DA2832E92B46789C3876EB2 /* Pods-RevealTests.release.xcconfig */ = {isa = PBXFileReference; includeInIndex = 1; lastKnownFileType = text.xcconfig; name = "Pods-RevealTests.release.xcconfig"; path = "Target Support Files/Pods-RevealTests/Pods-RevealTests.release.xcconfig"; sourceTree = "<group>"; };
		2F7F42861A23B0C44FF7A589 /* Pods_RevealTests.framework */ = {isa = PBXFileReference; explicitFileType = wrapper.framework; includeInIndex = 0; path = Pods_RevealTests.framework; sourceTree = BUILT_PRODUCTS_DIR; };
		3604ACD6F933A75A575029FB /* Pods-Reveal.debug.xcconfig */ = {isa = PBXFileReference; includeInIndex = 1; lastKnownFileType = text.xcconfig; name = "Pods-Reveal.debug.xcconfig"; path = "Target Support Files/Pods-Reveal/Pods-Reveal.debug.xcconfig"; sourceTree = "<group>"; };
		425977CC28877EC200B05245 /* ProfileViewModel.swift */ = {isa = PBXFileReference; lastKnownFileType = sourcecode.swift; path = ProfileViewModel.swift; sourceTree = "<group>"; };
		425977D028879C5C00B05245 /* RevealRowViewModel.swift */ = {isa = PBXFileReference; lastKnownFileType = sourcecode.swift; name = RevealRowViewModel.swift; path = Core/Components/Reveals/Views/RevealRowViewModel.swift; sourceTree = SOURCE_ROOT; };
		425C397028802A4F00171B22 /* GoogleService-Info.plist */ = {isa = PBXFileReference; fileEncoding = 4; lastKnownFileType = text.plist.xml; name = "GoogleService-Info.plist"; path = "../../../Downloads/GoogleService-Info.plist"; sourceTree = "<group>"; };
		4262E5572871D3C600BE3BCF /* SideMenuOptionRowView.swift */ = {isa = PBXFileReference; lastKnownFileType = sourcecode.swift; path = SideMenuOptionRowView.swift; sourceTree = "<group>"; };
		4262E55C2871ECAD00BE3BCF /* NewRevealView.swift */ = {isa = PBXFileReference; lastKnownFileType = sourcecode.swift; path = NewRevealView.swift; sourceTree = "<group>"; };
		4262E55E287207A300BE3BCF /* TextArea.swift */ = {isa = PBXFileReference; lastKnownFileType = sourcecode.swift; path = TextArea.swift; sourceTree = "<group>"; };
		426496202885B445004909B4 /* UserService.swift */ = {isa = PBXFileReference; lastKnownFileType = sourcecode.swift; path = UserService.swift; sourceTree = "<group>"; };
		426496222885BDE3004909B4 /* User.swift */ = {isa = PBXFileReference; lastKnownFileType = sourcecode.swift; path = User.swift; sourceTree = "<group>"; };
		426496282885F3A2004909B4 /* ExploreViewModel.swift */ = {isa = PBXFileReference; lastKnownFileType = sourcecode.swift; path = ExploreViewModel.swift; sourceTree = "<group>"; };
		42ACAE15286F3604009970FA /* NotificationsView.swift */ = {isa = PBXFileReference; lastKnownFileType = sourcecode.swift; path = NotificationsView.swift; sourceTree = "<group>"; };
		42ACAE17286F361E009970FA /* MessagesView.swift */ = {isa = PBXFileReference; lastKnownFileType = sourcecode.swift; path = MessagesView.swift; sourceTree = "<group>"; };
		42ACAE1B286F44F7009970FA /* ProfileView.swift */ = {isa = PBXFileReference; lastKnownFileType = sourcecode.swift; path = ProfileView.swift; sourceTree = "<group>"; };
		42B6414A2880CCE80096A05E /* AuthViewModel.swift */ = {isa = PBXFileReference; lastKnownFileType = sourcecode.swift; path = AuthViewModel.swift; sourceTree = "<group>"; };
		42B6414C28819D7A0096A05E /* ProfilePhotoSelectorView.swift */ = {isa = PBXFileReference; lastKnownFileType = sourcecode.swift; path = ProfilePhotoSelectorView.swift; sourceTree = "<group>"; };
		42B641512881B13F0096A05E /* ImagePicker.swift */ = {isa = PBXFileReference; lastKnownFileType = sourcecode.swift; path = ImagePicker.swift; sourceTree = "<group>"; };
		42B64154288315D90096A05E /* ImageUploader.swift */ = {isa = PBXFileReference; lastKnownFileType = sourcecode.swift; path = ImageUploader.swift; sourceTree = "<group>"; };
		42BD0CF4286F1D0000001CD7 /* Reveal.app */ = {isa = PBXFileReference; explicitFileType = wrapper.application; includeInIndex = 0; path = Reveal.app; sourceTree = BUILT_PRODUCTS_DIR; };
		42BD0CF7286F1D0000001CD7 /* RevealApp.swift */ = {isa = PBXFileReference; lastKnownFileType = sourcecode.swift; path = RevealApp.swift; sourceTree = "<group>"; };
		42BD0CF9286F1D0000001CD7 /* ContentView.swift */ = {isa = PBXFileReference; lastKnownFileType = sourcecode.swift; path = ContentView.swift; sourceTree = "<group>"; };
		42BD0CFB286F1D1A00001CD7 /* Assets.xcassets */ = {isa = PBXFileReference; lastKnownFileType = folder.assetcatalog; path = Assets.xcassets; sourceTree = "<group>"; };
		42BD0CFE286F1D1A00001CD7 /* Preview Assets.xcassets */ = {isa = PBXFileReference; lastKnownFileType = folder.assetcatalog; path = "Preview Assets.xcassets"; sourceTree = "<group>"; };
		42BD0D04286F1D1B00001CD7 /* RevealTests.xctest */ = {isa = PBXFileReference; explicitFileType = wrapper.cfbundle; includeInIndex = 0; path = RevealTests.xctest; sourceTree = BUILT_PRODUCTS_DIR; };
		42BD0D08286F1D1B00001CD7 /* RevalTests.swift */ = {isa = PBXFileReference; lastKnownFileType = sourcecode.swift; path = RevalTests.swift; sourceTree = "<group>"; };
		42BD0D0E286F1D1B00001CD7 /* RevealUITests.xctest */ = {isa = PBXFileReference; explicitFileType = wrapper.cfbundle; includeInIndex = 0; path = RevealUITests.xctest; sourceTree = BUILT_PRODUCTS_DIR; };
		42BD0D12286F1D1C00001CD7 /* RevealUITests.swift */ = {isa = PBXFileReference; lastKnownFileType = sourcecode.swift; path = RevealUITests.swift; sourceTree = "<group>"; };
		42BD0D14286F1D1C00001CD7 /* RevealUITestsLaunchTests.swift */ = {isa = PBXFileReference; lastKnownFileType = sourcecode.swift; path = RevealUITestsLaunchTests.swift; sourceTree = "<group>"; };
		42BD0D2D286F216000001CD7 /* FeedView.swift */ = {isa = PBXFileReference; lastKnownFileType = sourcecode.swift; path = FeedView.swift; sourceTree = "<group>"; };
		42BD0D30286F23BC00001CD7 /* RevealsRowView.swift */ = {isa = PBXFileReference; lastKnownFileType = sourcecode.swift; path = RevealsRowView.swift; sourceTree = "<group>"; };
		42BD0D33286F336E00001CD7 /* MainTabView.swift */ = {isa = PBXFileReference; lastKnownFileType = sourcecode.swift; path = MainTabView.swift; sourceTree = "<group>"; };
		42BD0D39286F354700001CD7 /* ExploreView.swift */ = {isa = PBXFileReference; lastKnownFileType = sourcecode.swift; path = ExploreView.swift; sourceTree = "<group>"; };
		42C56E3628710BD60049CB10 /* UserRowView.swift */ = {isa = PBXFileReference; lastKnownFileType = sourcecode.swift; path = UserRowView.swift; sourceTree = "<group>"; };
		42C56E3B287133110049CB10 /* SideMenuView.swift */ = {isa = PBXFileReference; lastKnownFileType = sourcecode.swift; path = SideMenuView.swift; sourceTree = "<group>"; };
		42C56E3D287133230049CB10 /* SideMenuRowView.swift */ = {isa = PBXFileReference; lastKnownFileType = sourcecode.swift; path = SideMenuRowView.swift; sourceTree = "<group>"; };
		42C56E3F287133660049CB10 /* SideMenuViewModel.swift */ = {isa = PBXFileReference; lastKnownFileType = sourcecode.swift; path = SideMenuViewModel.swift; sourceTree = "<group>"; };
		42C56E4128713C9B0049CB10 /* UserStatsView.swift */ = {isa = PBXFileReference; lastKnownFileType = sourcecode.swift; path = UserStatsView.swift; sourceTree = "<group>"; };
		42E5F1642870E2CB005367CA /* RevealFilterViewModel.swift */ = {isa = PBXFileReference; lastKnownFileType = sourcecode.swift; path = RevealFilterViewModel.swift; sourceTree = "<group>"; };
		42E872A528734C4100976998 /* LoginView.swift */ = {isa = PBXFileReference; lastKnownFileType = sourcecode.swift; path = LoginView.swift; sourceTree = "<group>"; };
		42E872A728734C5100976998 /* RegistrationView.swift */ = {isa = PBXFileReference; lastKnownFileType = sourcecode.swift; path = RegistrationView.swift; sourceTree = "<group>"; };
		42E872A928734EDD00976998 /* RoundedShape.swift */ = {isa = PBXFileReference; lastKnownFileType = sourcecode.swift; path = RoundedShape.swift; sourceTree = "<group>"; };
		42E872AF2873AAAB00976998 /* CustomInputField.swift */ = {isa = PBXFileReference; lastKnownFileType = sourcecode.swift; path = CustomInputField.swift; sourceTree = "<group>"; };
		42E872B22873D23500976998 /* AuthHeaderView.swift */ = {isa = PBXFileReference; lastKnownFileType = sourcecode.swift; path = AuthHeaderView.swift; sourceTree = "<group>"; };
		42E8C467288631BE00E6437C /* SearchBar.swift */ = {isa = PBXFileReference; lastKnownFileType = sourcecode.swift; name = SearchBar.swift; path = Core/Feed/SearchBar.swift; sourceTree = SOURCE_ROOT; };
		42E8C46928864F4D00E6437C /* RevealService.swift */ = {isa = PBXFileReference; lastKnownFileType = sourcecode.swift; path = RevealService.swift; sourceTree = "<group>"; };
		42E8C46C288652A400E6437C /* UploadRevealViewModel.swift */ = {isa = PBXFileReference; lastKnownFileType = sourcecode.swift; path = UploadRevealViewModel.swift; sourceTree = "<group>"; };
		42E8C46F28866A1700E6437C /* FeedViewModel.swift */ = {isa = PBXFileReference; lastKnownFileType = sourcecode.swift; path = FeedViewModel.swift; sourceTree = "<group>"; };
		42E8C47128866D6000E6437C /* Reveal.swift */ = {isa = PBXFileReference; lastKnownFileType = sourcecode.swift; path = Reveal.swift; sourceTree = "<group>"; };
		4A2B80546EDB9C0E0D976A54 /* Pods-Reveal-RevealUITests.debug.xcconfig */ = {isa = PBXFileReference; includeInIndex = 1; lastKnownFileType = text.xcconfig; name = "Pods-Reveal-RevealUITests.debug.xcconfig"; path = "Target Support Files/Pods-Reveal-RevealUITests/Pods-Reveal-RevealUITests.debug.xcconfig"; sourceTree = "<group>"; };
		4D1B157863A5617ED441B0E3 /* Pods-Reveal-RevealUITests.release.xcconfig */ = {isa = PBXFileReference; includeInIndex = 1; lastKnownFileType = text.xcconfig; name = "Pods-Reveal-RevealUITests.release.xcconfig"; path = "Target Support Files/Pods-Reveal-RevealUITests/Pods-Reveal-RevealUITests.release.xcconfig"; sourceTree = "<group>"; };
		67D7E5B1D26F51225804F484 /* Pods-RevealTests.debug.xcconfig */ = {isa = PBXFileReference; includeInIndex = 1; lastKnownFileType = text.xcconfig; name = "Pods-RevealTests.debug.xcconfig"; path = "Target Support Files/Pods-RevealTests/Pods-RevealTests.debug.xcconfig"; sourceTree = "<group>"; };
		BB2FD549897F0EB7E7AA3ED4 /* Pods_Reveal_RevealUITests.framework */ = {isa = PBXFileReference; explicitFileType = wrapper.framework; includeInIndex = 0; path = Pods_Reveal_RevealUITests.framework; sourceTree = BUILT_PRODUCTS_DIR; };
		DA5B9565403A397D8E500FC1 /* Pods_Reveal.framework */ = {isa = PBXFileReference; explicitFileType = wrapper.framework; includeInIndex = 0; path = Pods_Reveal.framework; sourceTree = BUILT_PRODUCTS_DIR; };
		EE39952B3B8F10F33A12AE43 /* Pods-Reveal.release.xcconfig */ = {isa = PBXFileReference; includeInIndex = 1; lastKnownFileType = text.xcconfig; name = "Pods-Reveal.release.xcconfig"; path = "Target Support Files/Pods-Reveal/Pods-Reveal.release.xcconfig"; sourceTree = "<group>"; };
/* End PBXFileReference section */

/* Begin PBXFrameworksBuildPhase section */
		42BD0CF1286F1D0000001CD7 /* Frameworks */ = {
			isa = PBXFrameworksBuildPhase;
			buildActionMask = 2147483647;
			files = (
				4263DA5D2883C092003C109B /* FirebaseAnalyticsSwift in Frameworks */,
				4263DA5B2883C092003C109B /* FirebaseAnalytics in Frameworks */,
				5CF04E0AAB6D0DDC2BDC1865 /* Pods_Reveal.framework in Frameworks */,
				4263DA612883C092003C109B /* FirebaseFirestore in Frameworks */,
				426496262885CEDC004909B4 /* Kingfisher in Frameworks */,
				4263DA652883C092003C109B /* FirebaseStorage in Frameworks */,
				4263DA5F2883C092003C109B /* FirebaseAuth in Frameworks */,
				4263DA632883C092003C109B /* FirebaseFirestoreSwift in Frameworks */,
			);
			runOnlyForDeploymentPostprocessing = 0;
		};
		42BD0D01286F1D1B00001CD7 /* Frameworks */ = {
			isa = PBXFrameworksBuildPhase;
			buildActionMask = 2147483647;
			files = (
				0649D30123580FEC7F260E85 /* Pods_RevealTests.framework in Frameworks */,
			);
			runOnlyForDeploymentPostprocessing = 0;
		};
		42BD0D0B286F1D1B00001CD7 /* Frameworks */ = {
			isa = PBXFrameworksBuildPhase;
			buildActionMask = 2147483647;
			files = (
				EC4643D8BFB20A4F3A8E9087 /* Pods_Reveal_RevealUITests.framework in Frameworks */,
			);
			runOnlyForDeploymentPostprocessing = 0;
		};
/* End PBXFrameworksBuildPhase section */

/* Begin PBXGroup section */
		14B5ED85D31C159F05D0B2B8 /* Pods */ = {
			isa = PBXGroup;
			children = (
				3604ACD6F933A75A575029FB /* Pods-Reveal.debug.xcconfig */,
				EE39952B3B8F10F33A12AE43 /* Pods-Reveal.release.xcconfig */,
				4A2B80546EDB9C0E0D976A54 /* Pods-Reveal-RevealUITests.debug.xcconfig */,
				4D1B157863A5617ED441B0E3 /* Pods-Reveal-RevealUITests.release.xcconfig */,
				67D7E5B1D26F51225804F484 /* Pods-RevealTests.debug.xcconfig */,
				0DA2832E92B46789C3876EB2 /* Pods-RevealTests.release.xcconfig */,
			);
			path = Pods;
			sourceTree = "<group>";
		};
		425977CE28879BD200B05245 /* ViewModel */ = {
			isa = PBXGroup;
			children = (
				425977D028879C5C00B05245 /* RevealRowViewModel.swift */,
			);
			path = ViewModel;
			sourceTree = "<group>";
		};
		425977CF28879BDB00B05245 /* Views */ = {
			isa = PBXGroup;
			children = (
				42BD0D30286F23BC00001CD7 /* RevealsRowView.swift */,
			);
			path = Views;
			sourceTree = "<group>";
		};
		425C396F2880266A00171B22 /* ViewModel */ = {
			isa = PBXGroup;
			children = (
				42B6414A2880CCE80096A05E /* AuthViewModel.swift */,
			);
			path = ViewModel;
			sourceTree = "<group>";
		};
		4262E5592871EC7200BE3BCF /* UploadReveal */ = {
			isa = PBXGroup;
			children = (
				42E8C46B2886528D00E6437C /* ViewModel */,
				4262E55B2871EC9400BE3BCF /* Views */,
			);
			path = UploadReveal;
			sourceTree = "<group>";
		};
		4262E55B2871EC9400BE3BCF /* Views */ = {
			isa = PBXGroup;
			children = (
				4262E55C2871ECAD00BE3BCF /* NewRevealView.swift */,
			);
			path = Views;
			sourceTree = "<group>";
		};
		426496272885F377004909B4 /* ViewModels */ = {
			isa = PBXGroup;
			children = (
				426496282885F3A2004909B4 /* ExploreViewModel.swift */,
			);
			path = ViewModels;
			sourceTree = "<group>";
		};
		42ACAE19286F44E0009970FA /* ViewModels */ = {
			isa = PBXGroup;
			children = (
				42E5F1642870E2CB005367CA /* RevealFilterViewModel.swift */,
				425977CC28877EC200B05245 /* ProfileViewModel.swift */,
			);
			path = ViewModels;
			sourceTree = "<group>";
		};
		42ACAE1A286F44E8009970FA /* Views */ = {
			isa = PBXGroup;
			children = (
				42ACAE1B286F44F7009970FA /* ProfileView.swift */,
			);
			path = Views;
			sourceTree = "<group>";
		};
		42B641502881B1120096A05E /* Utils */ = {
			isa = PBXGroup;
			children = (
				42B641512881B13F0096A05E /* ImagePicker.swift */,
			);
			path = Utils;
			sourceTree = "<group>";
		};
		42B64153288315C20096A05E /* Service */ = {
			isa = PBXGroup;
			children = (
				42B64154288315D90096A05E /* ImageUploader.swift */,
				426496202885B445004909B4 /* UserService.swift */,
				42E8C46928864F4D00E6437C /* RevealService.swift */,
			);
			path = Service;
			sourceTree = "<group>";
		};
		42B641562883160B0096A05E /* Model */ = {
			isa = PBXGroup;
			children = (
				426496222885BDE3004909B4 /* User.swift */,
				42E8C47128866D6000E6437C /* Reveal.swift */,
			);
			path = Model;
			sourceTree = "<group>";
		};
		42B64157288316230096A05E /* Extensions */ = {
			isa = PBXGroup;
			children = (
			);
			path = Extensions;
			sourceTree = "<group>";
		};
		42BD0CEB286F1D0000001CD7 = {
			isa = PBXGroup;
			children = (
				42BD0CF6286F1D0000001CD7 /* Reveal */,
				42BD0D07286F1D1B00001CD7 /* RevealTests */,
				42BD0D11286F1D1C00001CD7 /* RevealUITests */,
				42BD0CF5286F1D0000001CD7 /* Products */,
				14B5ED85D31C159F05D0B2B8 /* Pods */,
				B25DC95974EAF8171554A1D0 /* Frameworks */,
			);
			sourceTree = "<group>";
		};
		42BD0CF5286F1D0000001CD7 /* Products */ = {
			isa = PBXGroup;
			children = (
				42BD0CF4286F1D0000001CD7 /* Reveal.app */,
				42BD0D04286F1D1B00001CD7 /* RevealTests.xctest */,
				42BD0D0E286F1D1B00001CD7 /* RevealUITests.xctest */,
			);
			name = Products;
			sourceTree = "<group>";
		};
		42BD0CF6286F1D0000001CD7 /* Reveal */ = {
			isa = PBXGroup;
			children = (
				42B641502881B1120096A05E /* Utils */,
				42BD0CF7286F1D0000001CD7 /* RevealApp.swift */,
				42BD0CF9286F1D0000001CD7 /* ContentView.swift */,
				42B64157288316230096A05E /* Extensions */,
				42B641562883160B0096A05E /* Model */,
				42B64153288315C20096A05E /* Service */,
				42BD0D25286F1DAE00001CD7 /* Core */,
				42BD0CFB286F1D1A00001CD7 /* Assets.xcassets */,
				425C397028802A4F00171B22 /* GoogleService-Info.plist */,
				42BD0CFD286F1D1A00001CD7 /* Preview Content */,
			);
			path = Reveal;
			sourceTree = "<group>";
		};
		42BD0CFD286F1D1A00001CD7 /* Preview Content */ = {
			isa = PBXGroup;
			children = (
				42BD0CFE286F1D1A00001CD7 /* Preview Assets.xcassets */,
			);
			path = "Preview Content";
			sourceTree = "<group>";
		};
		42BD0D07286F1D1B00001CD7 /* RevealTests */ = {
			isa = PBXGroup;
			children = (
				42BD0D08286F1D1B00001CD7 /* RevalTests.swift */,
			);
			path = RevealTests;
			sourceTree = "<group>";
		};
		42BD0D11286F1D1C00001CD7 /* RevealUITests */ = {
			isa = PBXGroup;
			children = (
				42BD0D12286F1D1C00001CD7 /* RevealUITests.swift */,
				42BD0D14286F1D1C00001CD7 /* RevealUITestsLaunchTests.swift */,
			);
			path = RevealUITests;
			sourceTree = "<group>";
		};
		42BD0D25286F1DAE00001CD7 /* Core */ = {
			isa = PBXGroup;
			children = (
				42E872A228734C0A00976998 /* Authentication */,
				4262E5592871EC7200BE3BCF /* UploadReveal */,
				42BD0D26286F1DD300001CD7 /* Components */,
				42C56E38287132B00049CB10 /* SideMenu */,
				42BD0D38286F350000001CD7 /* Profile */,
				42BD0D37286F34E500001CD7 /* Explore */,
				42BD0D36286F34E300001CD7 /* Notifications */,
				42BD0D35286F34DC00001CD7 /* Messages */,
				42BD0D32286F2FD700001CD7 /* MainTab */,
				42BD0D28286F1E2300001CD7 /* Feed */,
			);
			name = Core;
			path = ../Core;
			sourceTree = "<group>";
		};
		42BD0D26286F1DD300001CD7 /* Components */ = {
			isa = PBXGroup;
			children = (
				42E872B12873D21900976998 /* Authentication */,
				42C56E3528710BA50049CB10 /* Users */,
				42BD0D2F286F239A00001CD7 /* Reveals */,
				4262E55E287207A300BE3BCF /* TextArea.swift */,
				42E872A928734EDD00976998 /* RoundedShape.swift */,
				42E872AF2873AAAB00976998 /* CustomInputField.swift */,
				42E8C467288631BE00E6437C /* SearchBar.swift */,
			);
			path = Components;
			sourceTree = "<group>";
		};
		42BD0D28286F1E2300001CD7 /* Feed */ = {
			isa = PBXGroup;
			children = (
				42E8C46E2886676200E6437C /* ViewModel */,
				42BD0D29286F1E4300001CD7 /* Views */,
			);
			path = Feed;
			sourceTree = "<group>";
		};
		42BD0D29286F1E4300001CD7 /* Views */ = {
			isa = PBXGroup;
			children = (
				42BD0D2D286F216000001CD7 /* FeedView.swift */,
			);
			path = Views;
			sourceTree = "<group>";
		};
		42BD0D2F286F239A00001CD7 /* Reveals */ = {
			isa = PBXGroup;
			children = (
				425977CE28879BD200B05245 /* ViewModel */,
				425977CF28879BDB00B05245 /* Views */,
			);
			path = Reveals;
			sourceTree = "<group>";
		};
		42BD0D32286F2FD700001CD7 /* MainTab */ = {
			isa = PBXGroup;
			children = (
				42BD0D33286F336E00001CD7 /* MainTabView.swift */,
			);
			path = MainTab;
			sourceTree = "<group>";
		};
		42BD0D35286F34DC00001CD7 /* Messages */ = {
			isa = PBXGroup;
			children = (
				42ACAE17286F361E009970FA /* MessagesView.swift */,
			);
			path = Messages;
			sourceTree = "<group>";
		};
		42BD0D36286F34E300001CD7 /* Notifications */ = {
			isa = PBXGroup;
			children = (
				42ACAE15286F3604009970FA /* NotificationsView.swift */,
			);
			path = Notifications;
			sourceTree = "<group>";
		};
		42BD0D37286F34E500001CD7 /* Explore */ = {
			isa = PBXGroup;
			children = (
				426496272885F377004909B4 /* ViewModels */,
				42C56E3328710B480049CB10 /* Views */,
			);
			path = Explore;
			sourceTree = "<group>";
		};
		42BD0D38286F350000001CD7 /* Profile */ = {
			isa = PBXGroup;
			children = (
				42ACAE1A286F44E8009970FA /* Views */,
				42ACAE19286F44E0009970FA /* ViewModels */,
			);
			path = Profile;
			sourceTree = "<group>";
		};
		42C56E3328710B480049CB10 /* Views */ = {
			isa = PBXGroup;
			children = (
				42BD0D39286F354700001CD7 /* ExploreView.swift */,
			);
			path = Views;
			sourceTree = "<group>";
		};
		42C56E3528710BA50049CB10 /* Users */ = {
			isa = PBXGroup;
			children = (
				42C56E3628710BD60049CB10 /* UserRowView.swift */,
				42C56E4128713C9B0049CB10 /* UserStatsView.swift */,
			);
			path = Users;
			sourceTree = "<group>";
		};
		42C56E38287132B00049CB10 /* SideMenu */ = {
			isa = PBXGroup;
			children = (
				42C56E3A287132F90049CB10 /* Views */,
				42C56E39287132F10049CB10 /* ViewModel */,
			);
			path = SideMenu;
			sourceTree = "<group>";
		};
		42C56E39287132F10049CB10 /* ViewModel */ = {
			isa = PBXGroup;
			children = (
				42C56E3F287133660049CB10 /* SideMenuViewModel.swift */,
			);
			path = ViewModel;
			sourceTree = "<group>";
		};
		42C56E3A287132F90049CB10 /* Views */ = {
			isa = PBXGroup;
			children = (
				42C56E3B287133110049CB10 /* SideMenuView.swift */,
				42C56E3D287133230049CB10 /* SideMenuRowView.swift */,
				4262E5572871D3C600BE3BCF /* SideMenuOptionRowView.swift */,
			);
			path = Views;
			sourceTree = "<group>";
		};
		42E872A228734C0A00976998 /* Authentication */ = {
			isa = PBXGroup;
			children = (
				425C396F2880266A00171B22 /* ViewModel */,
				42E872A428734C2600976998 /* Views */,
			);
			path = Authentication;
			sourceTree = "<group>";
		};
		42E872A428734C2600976998 /* Views */ = {
			isa = PBXGroup;
			children = (
				42E872A528734C4100976998 /* LoginView.swift */,
				42E872A728734C5100976998 /* RegistrationView.swift */,
				42B6414C28819D7A0096A05E /* ProfilePhotoSelectorView.swift */,
			);
			path = Views;
			sourceTree = "<group>";
		};
		42E872B12873D21900976998 /* Authentication */ = {
			isa = PBXGroup;
			children = (
				42E872B22873D23500976998 /* AuthHeaderView.swift */,
			);
			path = Authentication;
			sourceTree = "<group>";
		};
		42E8C46B2886528D00E6437C /* ViewModel */ = {
			isa = PBXGroup;
			children = (
				42E8C46C288652A400E6437C /* UploadRevealViewModel.swift */,
			);
			path = ViewModel;
			sourceTree = "<group>";
		};
		42E8C46E2886676200E6437C /* ViewModel */ = {
			isa = PBXGroup;
			children = (
				42E8C46F28866A1700E6437C /* FeedViewModel.swift */,
			);
			path = ViewModel;
			sourceTree = "<group>";
		};
		B25DC95974EAF8171554A1D0 /* Frameworks */ = {
			isa = PBXGroup;
			children = (
				DA5B9565403A397D8E500FC1 /* Pods_Reveal.framework */,
				BB2FD549897F0EB7E7AA3ED4 /* Pods_Reveal_RevealUITests.framework */,
				2F7F42861A23B0C44FF7A589 /* Pods_RevealTests.framework */,
			);
			name = Frameworks;
			sourceTree = "<group>";
		};
/* End PBXGroup section */

/* Begin PBXNativeTarget section */
		42BD0CF3286F1D0000001CD7 /* Reveal */ = {
			isa = PBXNativeTarget;
			buildConfigurationList = 42BD0D18286F1D1C00001CD7 /* Build configuration list for PBXNativeTarget "Reveal" */;
			buildPhases = (
				A1E74A4C39B1DDE413A36F3A /* [CP] Check Pods Manifest.lock */,
				42BD0CF0286F1D0000001CD7 /* Sources */,
				42BD0CF1286F1D0000001CD7 /* Frameworks */,
				42BD0CF2286F1D0000001CD7 /* Resources */,
			);
			buildRules = (
			);
			dependencies = (
			);
			name = Reveal;
			packageProductDependencies = (
				4263DA5A2883C092003C109B /* FirebaseAnalytics */,
				4263DA5C2883C092003C109B /* FirebaseAnalyticsSwift */,
				4263DA5E2883C092003C109B /* FirebaseAuth */,
				4263DA602883C092003C109B /* FirebaseFirestore */,
				4263DA622883C092003C109B /* FirebaseFirestoreSwift */,
				4263DA642883C092003C109B /* FirebaseStorage */,
				426496252885CEDC004909B4 /* Kingfisher */,
			);
			productName = Ebon;
			productReference = 42BD0CF4286F1D0000001CD7 /* Reveal.app */;
			productType = "com.apple.product-type.application";
		};
		42BD0D03286F1D1B00001CD7 /* RevealTests */ = {
			isa = PBXNativeTarget;
			buildConfigurationList = 42BD0D1B286F1D1C00001CD7 /* Build configuration list for PBXNativeTarget "RevealTests" */;
			buildPhases = (
				ACD9AA486C943EAD03B7F37E /* [CP] Check Pods Manifest.lock */,
				42BD0D00286F1D1B00001CD7 /* Sources */,
				42BD0D01286F1D1B00001CD7 /* Frameworks */,
				42BD0D02286F1D1B00001CD7 /* Resources */,
			);
			buildRules = (
			);
			dependencies = (
				42BD0D06286F1D1B00001CD7 /* PBXTargetDependency */,
			);
			name = RevealTests;
			productName = EbonTests;
			productReference = 42BD0D04286F1D1B00001CD7 /* RevealTests.xctest */;
			productType = "com.apple.product-type.bundle.unit-test";
		};
		42BD0D0D286F1D1B00001CD7 /* RevealUITests */ = {
			isa = PBXNativeTarget;
			buildConfigurationList = 42BD0D1E286F1D1C00001CD7 /* Build configuration list for PBXNativeTarget "RevealUITests" */;
			buildPhases = (
				6BDEE62BA9C6A91FD0A1BCA1 /* [CP] Check Pods Manifest.lock */,
				42BD0D0A286F1D1B00001CD7 /* Sources */,
				42BD0D0B286F1D1B00001CD7 /* Frameworks */,
				42BD0D0C286F1D1B00001CD7 /* Resources */,
			);
			buildRules = (
			);
			dependencies = (
				42BD0D10286F1D1C00001CD7 /* PBXTargetDependency */,
			);
			name = RevealUITests;
			productName = EbonUITests;
			productReference = 42BD0D0E286F1D1B00001CD7 /* RevealUITests.xctest */;
			productType = "com.apple.product-type.bundle.ui-testing";
		};
/* End PBXNativeTarget section */

/* Begin PBXProject section */
		42BD0CEC286F1D0000001CD7 /* Project object */ = {
			isa = PBXProject;
			attributes = {
				BuildIndependentTargetsInParallel = 1;
				LastSwiftUpdateCheck = 1340;
				LastUpgradeCheck = 1340;
				TargetAttributes = {
					42BD0CF3286F1D0000001CD7 = {
						CreatedOnToolsVersion = 13.4.1;
					};
					42BD0D03286F1D1B00001CD7 = {
						CreatedOnToolsVersion = 13.4.1;
						TestTargetID = 42BD0CF3286F1D0000001CD7;
					};
					42BD0D0D286F1D1B00001CD7 = {
						CreatedOnToolsVersion = 13.4.1;
						TestTargetID = 42BD0CF3286F1D0000001CD7;
					};
				};
			};
			buildConfigurationList = 42BD0CEF286F1D0000001CD7 /* Build configuration list for PBXProject "Reveal" */;
			compatibilityVersion = "Xcode 13.0";
			developmentRegion = en;
			hasScannedForEncodings = 0;
			knownRegions = (
				en,
				Base,
			);
			mainGroup = 42BD0CEB286F1D0000001CD7;
			packageReferences = (
				4263DA592883C092003C109B /* XCRemoteSwiftPackageReference "firebase-ios-sdk" */,
				426496242885CEDC004909B4 /* XCRemoteSwiftPackageReference "Kingfisher" */,
			);
			productRefGroup = 42BD0CF5286F1D0000001CD7 /* Products */;
			projectDirPath = "";
			projectRoot = "";
			targets = (
				42BD0CF3286F1D0000001CD7 /* Reveal */,
				42BD0D03286F1D1B00001CD7 /* RevealTests */,
				42BD0D0D286F1D1B00001CD7 /* RevealUITests */,
			);
		};
/* End PBXProject section */

/* Begin PBXResourcesBuildPhase section */
		42BD0CF2286F1D0000001CD7 /* Resources */ = {
			isa = PBXResourcesBuildPhase;
			buildActionMask = 2147483647;
			files = (
				42BD0CFF286F1D1A00001CD7 /* Preview Assets.xcassets in Resources */,
				42BD0CFC286F1D1A00001CD7 /* Assets.xcassets in Resources */,
				425C397128802A4F00171B22 /* GoogleService-Info.plist in Resources */,
			);
			runOnlyForDeploymentPostprocessing = 0;
		};
		42BD0D02286F1D1B00001CD7 /* Resources */ = {
			isa = PBXResourcesBuildPhase;
			buildActionMask = 2147483647;
			files = (
			);
			runOnlyForDeploymentPostprocessing = 0;
		};
		42BD0D0C286F1D1B00001CD7 /* Resources */ = {
			isa = PBXResourcesBuildPhase;
			buildActionMask = 2147483647;
			files = (
			);
			runOnlyForDeploymentPostprocessing = 0;
		};
/* End PBXResourcesBuildPhase section */

/* Begin PBXShellScriptBuildPhase section */
		6BDEE62BA9C6A91FD0A1BCA1 /* [CP] Check Pods Manifest.lock */ = {
			isa = PBXShellScriptBuildPhase;
			buildActionMask = 2147483647;
			files = (
			);
			inputFileListPaths = (
			);
			inputPaths = (
				"${PODS_PODFILE_DIR_PATH}/Podfile.lock",
				"${PODS_ROOT}/Manifest.lock",
			);
			name = "[CP] Check Pods Manifest.lock";
			outputFileListPaths = (
			);
			outputPaths = (
				"$(DERIVED_FILE_DIR)/Pods-Reveal-RevealUITests-checkManifestLockResult.txt",
			);
			runOnlyForDeploymentPostprocessing = 0;
			shellPath = /bin/sh;
			shellScript = "diff \"${PODS_PODFILE_DIR_PATH}/Podfile.lock\" \"${PODS_ROOT}/Manifest.lock\" > /dev/null\nif [ $? != 0 ] ; then\n    # print error to STDERR\n    echo \"error: The sandbox is not in sync with the Podfile.lock. Run 'pod install' or update your CocoaPods installation.\" >&2\n    exit 1\nfi\n# This output is used by Xcode 'outputs' to avoid re-running this script phase.\necho \"SUCCESS\" > \"${SCRIPT_OUTPUT_FILE_0}\"\n";
			showEnvVarsInLog = 0;
		};
		A1E74A4C39B1DDE413A36F3A /* [CP] Check Pods Manifest.lock */ = {
			isa = PBXShellScriptBuildPhase;
			buildActionMask = 2147483647;
			files = (
			);
			inputFileListPaths = (
			);
			inputPaths = (
				"${PODS_PODFILE_DIR_PATH}/Podfile.lock",
				"${PODS_ROOT}/Manifest.lock",
			);
			name = "[CP] Check Pods Manifest.lock";
			outputFileListPaths = (
			);
			outputPaths = (
				"$(DERIVED_FILE_DIR)/Pods-Reveal-checkManifestLockResult.txt",
			);
			runOnlyForDeploymentPostprocessing = 0;
			shellPath = /bin/sh;
			shellScript = "diff \"${PODS_PODFILE_DIR_PATH}/Podfile.lock\" \"${PODS_ROOT}/Manifest.lock\" > /dev/null\nif [ $? != 0 ] ; then\n    # print error to STDERR\n    echo \"error: The sandbox is not in sync with the Podfile.lock. Run 'pod install' or update your CocoaPods installation.\" >&2\n    exit 1\nfi\n# This output is used by Xcode 'outputs' to avoid re-running this script phase.\necho \"SUCCESS\" > \"${SCRIPT_OUTPUT_FILE_0}\"\n";
			showEnvVarsInLog = 0;
		};
		ACD9AA486C943EAD03B7F37E /* [CP] Check Pods Manifest.lock */ = {
			isa = PBXShellScriptBuildPhase;
			buildActionMask = 2147483647;
			files = (
			);
			inputFileListPaths = (
			);
			inputPaths = (
				"${PODS_PODFILE_DIR_PATH}/Podfile.lock",
				"${PODS_ROOT}/Manifest.lock",
			);
			name = "[CP] Check Pods Manifest.lock";
			outputFileListPaths = (
			);
			outputPaths = (
				"$(DERIVED_FILE_DIR)/Pods-RevealTests-checkManifestLockResult.txt",
			);
			runOnlyForDeploymentPostprocessing = 0;
			shellPath = /bin/sh;
			shellScript = "diff \"${PODS_PODFILE_DIR_PATH}/Podfile.lock\" \"${PODS_ROOT}/Manifest.lock\" > /dev/null\nif [ $? != 0 ] ; then\n    # print error to STDERR\n    echo \"error: The sandbox is not in sync with the Podfile.lock. Run 'pod install' or update your CocoaPods installation.\" >&2\n    exit 1\nfi\n# This output is used by Xcode 'outputs' to avoid re-running this script phase.\necho \"SUCCESS\" > \"${SCRIPT_OUTPUT_FILE_0}\"\n";
			showEnvVarsInLog = 0;
		};
/* End PBXShellScriptBuildPhase section */

/* Begin PBXSourcesBuildPhase section */
		42BD0CF0286F1D0000001CD7 /* Sources */ = {
			isa = PBXSourcesBuildPhase;
			buildActionMask = 2147483647;
			files = (
				42E8C47228866D6000E6437C /* Reveal.swift in Sources */,
				426496212885B445004909B4 /* UserService.swift in Sources */,
				42ACAE18286F361E009970FA /* MessagesView.swift in Sources */,
				42ACAE1C286F44F7009970FA /* ProfileView.swift in Sources */,
				42BD0CFA286F1D0000001CD7 /* ContentView.swift in Sources */,
				42BD0D31286F23BC00001CD7 /* RevealsRowView.swift in Sources */,
				42E872B32873D23500976998 /* AuthHeaderView.swift in Sources */,
				42E8C468288631BE00E6437C /* SearchBar.swift in Sources */,
				42E8C46A28864F4D00E6437C /* RevealService.swift in Sources */,
				426496292885F3A2004909B4 /* ExploreViewModel.swift in Sources */,
				42BD0D2E286F216000001CD7 /* FeedView.swift in Sources */,
				42BD0CF8286F1D0000001CD7 /* RevealApp.swift in Sources */,
				426496232885BDE3004909B4 /* User.swift in Sources */,
				42E872B02873AAAB00976998 /* CustomInputField.swift in Sources */,
				42C56E3C287133110049CB10 /* SideMenuView.swift in Sources */,
				4262E55F287207A300BE3BCF /* TextArea.swift in Sources */,
				42BD0D3A286F354700001CD7 /* ExploreView.swift in Sources */,
				42BD0D34286F336F00001CD7 /* MainTabView.swift in Sources */,
				42C56E3728710BD60049CB10 /* UserRowView.swift in Sources */,
				42E8C47028866A1700E6437C /* FeedViewModel.swift in Sources */,
				42B641522881B13F0096A05E /* ImagePicker.swift in Sources */,
				42C56E40287133660049CB10 /* SideMenuViewModel.swift in Sources */,
				42B6414D28819D7A0096A05E /* ProfilePhotoSelectorView.swift in Sources */,
				42E5F1652870E2CB005367CA /* RevealFilterViewModel.swift in Sources */,
				425977D128879C5C00B05245 /* RevealRowViewModel.swift in Sources */,
				4262E5582871D3C600BE3BCF /* SideMenuOptionRowView.swift in Sources */,
				42E872AA28734EDD00976998 /* RoundedShape.swift in Sources */,
				4262E55D2871ECAD00BE3BCF /* NewRevealView.swift in Sources */,
				42ACAE16286F3604009970FA /* NotificationsView.swift in Sources */,
				42E872A628734C4100976998 /* LoginView.swift in Sources */,
				42E8C46D288652A400E6437C /* UploadRevealViewModel.swift in Sources */,
				425977CD28877EC200B05245 /* ProfileViewModel.swift in Sources */,
				42B6414B2880CCE80096A05E /* AuthViewModel.swift in Sources */,
				42B64155288315DA0096A05E /* ImageUploader.swift in Sources */,
				42C56E3E287133230049CB10 /* SideMenuRowView.swift in Sources */,
				42C56E4228713C9B0049CB10 /* UserStatsView.swift in Sources */,
				42E872A828734C5100976998 /* RegistrationView.swift in Sources */,
			);
			runOnlyForDeploymentPostprocessing = 0;
		};
		42BD0D00286F1D1B00001CD7 /* Sources */ = {
			isa = PBXSourcesBuildPhase;
			buildActionMask = 2147483647;
			files = (
				42BD0D09286F1D1B00001CD7 /* RevalTests.swift in Sources */,
			);
			runOnlyForDeploymentPostprocessing = 0;
		};
		42BD0D0A286F1D1B00001CD7 /* Sources */ = {
			isa = PBXSourcesBuildPhase;
			buildActionMask = 2147483647;
			files = (
				42BD0D15286F1D1C00001CD7 /* RevealUITestsLaunchTests.swift in Sources */,
				42BD0D13286F1D1C00001CD7 /* RevealUITests.swift in Sources */,
			);
			runOnlyForDeploymentPostprocessing = 0;
		};
/* End PBXSourcesBuildPhase section */

/* Begin PBXTargetDependency section */
		42BD0D06286F1D1B00001CD7 /* PBXTargetDependency */ = {
			isa = PBXTargetDependency;
			target = 42BD0CF3286F1D0000001CD7 /* Reveal */;
			targetProxy = 42BD0D05286F1D1B00001CD7 /* PBXContainerItemProxy */;
		};
		42BD0D10286F1D1C00001CD7 /* PBXTargetDependency */ = {
			isa = PBXTargetDependency;
			target = 42BD0CF3286F1D0000001CD7 /* Reveal */;
			targetProxy = 42BD0D0F286F1D1C00001CD7 /* PBXContainerItemProxy */;
		};
/* End PBXTargetDependency section */

/* Begin XCBuildConfiguration section */
		42BD0D16286F1D1C00001CD7 /* Debug */ = {
			isa = XCBuildConfiguration;
			buildSettings = {
				ALWAYS_SEARCH_USER_PATHS = NO;
				CLANG_ANALYZER_NONNULL = YES;
				CLANG_ANALYZER_NUMBER_OBJECT_CONVERSION = YES_AGGRESSIVE;
				CLANG_CXX_LANGUAGE_STANDARD = "gnu++17";
				CLANG_ENABLE_MODULES = YES;
				CLANG_ENABLE_OBJC_ARC = YES;
				CLANG_ENABLE_OBJC_WEAK = YES;
				CLANG_WARN_BLOCK_CAPTURE_AUTORELEASING = YES;
				CLANG_WARN_BOOL_CONVERSION = YES;
				CLANG_WARN_COMMA = YES;
				CLANG_WARN_CONSTANT_CONVERSION = YES;
				CLANG_WARN_DEPRECATED_OBJC_IMPLEMENTATIONS = YES;
				CLANG_WARN_DIRECT_OBJC_ISA_USAGE = YES_ERROR;
				CLANG_WARN_DOCUMENTATION_COMMENTS = YES;
				CLANG_WARN_EMPTY_BODY = YES;
				CLANG_WARN_ENUM_CONVERSION = YES;
				CLANG_WARN_INFINITE_RECURSION = YES;
				CLANG_WARN_INT_CONVERSION = YES;
				CLANG_WARN_NON_LITERAL_NULL_CONVERSION = YES;
				CLANG_WARN_OBJC_IMPLICIT_RETAIN_SELF = YES;
				CLANG_WARN_OBJC_LITERAL_CONVERSION = YES;
				CLANG_WARN_OBJC_ROOT_CLASS = YES_ERROR;
				CLANG_WARN_QUOTED_INCLUDE_IN_FRAMEWORK_HEADER = YES;
				CLANG_WARN_RANGE_LOOP_ANALYSIS = YES;
				CLANG_WARN_STRICT_PROTOTYPES = YES;
				CLANG_WARN_SUSPICIOUS_MOVE = YES;
				CLANG_WARN_UNGUARDED_AVAILABILITY = YES_AGGRESSIVE;
				CLANG_WARN_UNREACHABLE_CODE = YES;
				CLANG_WARN__DUPLICATE_METHOD_MATCH = YES;
				COPY_PHASE_STRIP = NO;
				DEBUG_INFORMATION_FORMAT = dwarf;
				ENABLE_STRICT_OBJC_MSGSEND = YES;
				ENABLE_TESTABILITY = YES;
				GCC_C_LANGUAGE_STANDARD = gnu11;
				GCC_DYNAMIC_NO_PIC = NO;
				GCC_NO_COMMON_BLOCKS = YES;
				GCC_OPTIMIZATION_LEVEL = 0;
				GCC_PREPROCESSOR_DEFINITIONS = (
					"DEBUG=1",
					"$(inherited)",
				);
				GCC_WARN_64_TO_32_BIT_CONVERSION = YES;
				GCC_WARN_ABOUT_RETURN_TYPE = YES_ERROR;
				GCC_WARN_UNDECLARED_SELECTOR = YES;
				GCC_WARN_UNINITIALIZED_AUTOS = YES_AGGRESSIVE;
				GCC_WARN_UNUSED_FUNCTION = YES;
				GCC_WARN_UNUSED_VARIABLE = YES;
				IPHONEOS_DEPLOYMENT_TARGET = 15.5;
				MTL_ENABLE_DEBUG_INFO = INCLUDE_SOURCE;
				MTL_FAST_MATH = YES;
				ONLY_ACTIVE_ARCH = YES;
				SDKROOT = iphoneos;
				SWIFT_ACTIVE_COMPILATION_CONDITIONS = DEBUG;
				SWIFT_OPTIMIZATION_LEVEL = "-Onone";
			};
			name = Debug;
		};
		42BD0D17286F1D1C00001CD7 /* Release */ = {
			isa = XCBuildConfiguration;
			buildSettings = {
				ALWAYS_SEARCH_USER_PATHS = NO;
				CLANG_ANALYZER_NONNULL = YES;
				CLANG_ANALYZER_NUMBER_OBJECT_CONVERSION = YES_AGGRESSIVE;
				CLANG_CXX_LANGUAGE_STANDARD = "gnu++17";
				CLANG_ENABLE_MODULES = YES;
				CLANG_ENABLE_OBJC_ARC = YES;
				CLANG_ENABLE_OBJC_WEAK = YES;
				CLANG_WARN_BLOCK_CAPTURE_AUTORELEASING = YES;
				CLANG_WARN_BOOL_CONVERSION = YES;
				CLANG_WARN_COMMA = YES;
				CLANG_WARN_CONSTANT_CONVERSION = YES;
				CLANG_WARN_DEPRECATED_OBJC_IMPLEMENTATIONS = YES;
				CLANG_WARN_DIRECT_OBJC_ISA_USAGE = YES_ERROR;
				CLANG_WARN_DOCUMENTATION_COMMENTS = YES;
				CLANG_WARN_EMPTY_BODY = YES;
				CLANG_WARN_ENUM_CONVERSION = YES;
				CLANG_WARN_INFINITE_RECURSION = YES;
				CLANG_WARN_INT_CONVERSION = YES;
				CLANG_WARN_NON_LITERAL_NULL_CONVERSION = YES;
				CLANG_WARN_OBJC_IMPLICIT_RETAIN_SELF = YES;
				CLANG_WARN_OBJC_LITERAL_CONVERSION = YES;
				CLANG_WARN_OBJC_ROOT_CLASS = YES_ERROR;
				CLANG_WARN_QUOTED_INCLUDE_IN_FRAMEWORK_HEADER = YES;
				CLANG_WARN_RANGE_LOOP_ANALYSIS = YES;
				CLANG_WARN_STRICT_PROTOTYPES = YES;
				CLANG_WARN_SUSPICIOUS_MOVE = YES;
				CLANG_WARN_UNGUARDED_AVAILABILITY = YES_AGGRESSIVE;
				CLANG_WARN_UNREACHABLE_CODE = YES;
				CLANG_WARN__DUPLICATE_METHOD_MATCH = YES;
				COPY_PHASE_STRIP = NO;
				DEBUG_INFORMATION_FORMAT = "dwarf-with-dsym";
				ENABLE_NS_ASSERTIONS = NO;
				ENABLE_STRICT_OBJC_MSGSEND = YES;
				GCC_C_LANGUAGE_STANDARD = gnu11;
				GCC_NO_COMMON_BLOCKS = YES;
				GCC_WARN_64_TO_32_BIT_CONVERSION = YES;
				GCC_WARN_ABOUT_RETURN_TYPE = YES_ERROR;
				GCC_WARN_UNDECLARED_SELECTOR = YES;
				GCC_WARN_UNINITIALIZED_AUTOS = YES_AGGRESSIVE;
				GCC_WARN_UNUSED_FUNCTION = YES;
				GCC_WARN_UNUSED_VARIABLE = YES;
				IPHONEOS_DEPLOYMENT_TARGET = 15.5;
				MTL_ENABLE_DEBUG_INFO = NO;
				MTL_FAST_MATH = YES;
				SDKROOT = iphoneos;
				SWIFT_COMPILATION_MODE = wholemodule;
				SWIFT_OPTIMIZATION_LEVEL = "-O";
				VALIDATE_PRODUCT = YES;
			};
			name = Release;
		};
		42BD0D19286F1D1C00001CD7 /* Debug */ = {
			isa = XCBuildConfiguration;
			baseConfigurationReference = 3604ACD6F933A75A575029FB /* Pods-Reveal.debug.xcconfig */;
			buildSettings = {
				ASSETCATALOG_COMPILER_APPICON_NAME = AppIcon;
				ASSETCATALOG_COMPILER_GLOBAL_ACCENT_COLOR_NAME = AccentColor;
				CODE_SIGN_STYLE = Automatic;
				CURRENT_PROJECT_VERSION = 1;
				DEVELOPMENT_ASSET_PATHS = "\"Reveal/Preview Content\"";
				DEVELOPMENT_TEAM = 82RC676T7H;
				ENABLE_PREVIEWS = YES;
				GENERATE_INFOPLIST_FILE = YES;
				INFOPLIST_KEY_UIApplicationSceneManifest_Generation = YES;
				INFOPLIST_KEY_UIApplicationSupportsIndirectInputEvents = YES;
				INFOPLIST_KEY_UILaunchScreen_Generation = YES;
				INFOPLIST_KEY_UISupportedInterfaceOrientations_iPad = "UIInterfaceOrientationPortrait UIInterfaceOrientationPortraitUpsideDown UIInterfaceOrientationLandscapeLeft UIInterfaceOrientationLandscapeRight";
				INFOPLIST_KEY_UISupportedInterfaceOrientations_iPhone = "UIInterfaceOrientationPortrait UIInterfaceOrientationLandscapeLeft UIInterfaceOrientationLandscapeRight";
				LD_RUNPATH_SEARCH_PATHS = (
					"$(inherited)",
					"@executable_path/Frameworks",
				);
				MARKETING_VERSION = 1.0;
				PRODUCT_BUNDLE_IDENTIFIER = com.GoReveal.Reveal;
				PRODUCT_NAME = Reveal;
				SWIFT_EMIT_LOC_STRINGS = YES;
				SWIFT_VERSION = 5.0;
				TARGETED_DEVICE_FAMILY = "1,2";
			};
			name = Debug;
		};
		42BD0D1A286F1D1C00001CD7 /* Release */ = {
			isa = XCBuildConfiguration;
			baseConfigurationReference = EE39952B3B8F10F33A12AE43 /* Pods-Reveal.release.xcconfig */;
			buildSettings = {
				ASSETCATALOG_COMPILER_APPICON_NAME = AppIcon;
				ASSETCATALOG_COMPILER_GLOBAL_ACCENT_COLOR_NAME = AccentColor;
				CODE_SIGN_STYLE = Automatic;
				CURRENT_PROJECT_VERSION = 1;
				DEVELOPMENT_ASSET_PATHS = "\"Reveal/Preview Content\"";
				DEVELOPMENT_TEAM = 82RC676T7H;
				ENABLE_PREVIEWS = YES;
				GENERATE_INFOPLIST_FILE = YES;
				INFOPLIST_KEY_UIApplicationSceneManifest_Generation = YES;
				INFOPLIST_KEY_UIApplicationSupportsIndirectInputEvents = YES;
				INFOPLIST_KEY_UILaunchScreen_Generation = YES;
				INFOPLIST_KEY_UISupportedInterfaceOrientations_iPad = "UIInterfaceOrientationPortrait UIInterfaceOrientationPortraitUpsideDown UIInterfaceOrientationLandscapeLeft UIInterfaceOrientationLandscapeRight";
				INFOPLIST_KEY_UISupportedInterfaceOrientations_iPhone = "UIInterfaceOrientationPortrait UIInterfaceOrientationLandscapeLeft UIInterfaceOrientationLandscapeRight";
				LD_RUNPATH_SEARCH_PATHS = (
					"$(inherited)",
					"@executable_path/Frameworks",
				);
				MARKETING_VERSION = 1.0;
				PRODUCT_BUNDLE_IDENTIFIER = com.GoReveal.Reveal;
				PRODUCT_NAME = Reveal;
				SWIFT_EMIT_LOC_STRINGS = YES;
				SWIFT_VERSION = 5.0;
				TARGETED_DEVICE_FAMILY = "1,2";
			};
			name = Release;
		};
		42BD0D1C286F1D1C00001CD7 /* Debug */ = {
			isa = XCBuildConfiguration;
			baseConfigurationReference = 67D7E5B1D26F51225804F484 /* Pods-RevealTests.debug.xcconfig */;
			buildSettings = {
				ALWAYS_EMBED_SWIFT_STANDARD_LIBRARIES = YES;
				BUNDLE_LOADER = "$(TEST_HOST)";
				CODE_SIGN_STYLE = Automatic;
				CURRENT_PROJECT_VERSION = 1;
				DEVELOPMENT_TEAM = 82RC676T7H;
				GENERATE_INFOPLIST_FILE = YES;
				IPHONEOS_DEPLOYMENT_TARGET = 15.5;
				MARKETING_VERSION = 1.0;
				PRODUCT_BUNDLE_IDENTIFIER = com.GoReveal.RevealTests;
				PRODUCT_NAME = "$(TARGET_NAME)";
				SWIFT_EMIT_LOC_STRINGS = NO;
				SWIFT_VERSION = 5.0;
				TARGETED_DEVICE_FAMILY = "1,2";
				TEST_HOST = "$(BUILT_PRODUCTS_DIR)/Reveal.app/Reveal";
			};
			name = Debug;
		};
		42BD0D1D286F1D1C00001CD7 /* Release */ = {
			isa = XCBuildConfiguration;
			baseConfigurationReference = 0DA2832E92B46789C3876EB2 /* Pods-RevealTests.release.xcconfig */;
			buildSettings = {
				ALWAYS_EMBED_SWIFT_STANDARD_LIBRARIES = YES;
				BUNDLE_LOADER = "$(TEST_HOST)";
				CODE_SIGN_STYLE = Automatic;
				CURRENT_PROJECT_VERSION = 1;
				DEVELOPMENT_TEAM = 82RC676T7H;
				GENERATE_INFOPLIST_FILE = YES;
				IPHONEOS_DEPLOYMENT_TARGET = 15.5;
				MARKETING_VERSION = 1.0;
				PRODUCT_BUNDLE_IDENTIFIER = com.GoReveal.RevealTests;
				PRODUCT_NAME = "$(TARGET_NAME)";
				SWIFT_EMIT_LOC_STRINGS = NO;
				SWIFT_VERSION = 5.0;
				TARGETED_DEVICE_FAMILY = "1,2";
				TEST_HOST = "$(BUILT_PRODUCTS_DIR)/Reveal.app/Reveal";
			};
			name = Release;
		};
		42BD0D1F286F1D1C00001CD7 /* Debug */ = {
			isa = XCBuildConfiguration;
			baseConfigurationReference = 4A2B80546EDB9C0E0D976A54 /* Pods-Reveal-RevealUITests.debug.xcconfig */;
			buildSettings = {
				ALWAYS_EMBED_SWIFT_STANDARD_LIBRARIES = YES;
				CODE_SIGN_STYLE = Automatic;
				CURRENT_PROJECT_VERSION = 1;
				DEVELOPMENT_TEAM = 82RC676T7H;
				GENERATE_INFOPLIST_FILE = YES;
				MARKETING_VERSION = 1.0;
				PRODUCT_BUNDLE_IDENTIFIER = com.GoReveal.RevealUITests;
				PRODUCT_NAME = "$(TARGET_NAME)";
				SWIFT_EMIT_LOC_STRINGS = NO;
				SWIFT_VERSION = 5.0;
				TARGETED_DEVICE_FAMILY = "1,2";
				TEST_TARGET_NAME = Ebon;
			};
			name = Debug;
		};
		42BD0D20286F1D1C00001CD7 /* Release */ = {
			isa = XCBuildConfiguration;
			baseConfigurationReference = 4D1B157863A5617ED441B0E3 /* Pods-Reveal-RevealUITests.release.xcconfig */;
			buildSettings = {
				ALWAYS_EMBED_SWIFT_STANDARD_LIBRARIES = YES;
				CODE_SIGN_STYLE = Automatic;
				CURRENT_PROJECT_VERSION = 1;
				DEVELOPMENT_TEAM = 82RC676T7H;
				GENERATE_INFOPLIST_FILE = YES;
				MARKETING_VERSION = 1.0;
				PRODUCT_BUNDLE_IDENTIFIER = com.GoReveal.RevealUITests;
				PRODUCT_NAME = "$(TARGET_NAME)";
				SWIFT_EMIT_LOC_STRINGS = NO;
				SWIFT_VERSION = 5.0;
				TARGETED_DEVICE_FAMILY = "1,2";
				TEST_TARGET_NAME = Ebon;
			};
			name = Release;
		};
/* End XCBuildConfiguration section */

/* Begin XCConfigurationList section */
		42BD0CEF286F1D0000001CD7 /* Build configuration list for PBXProject "Reveal" */ = {
			isa = XCConfigurationList;
			buildConfigurations = (
				42BD0D16286F1D1C00001CD7 /* Debug */,
				42BD0D17286F1D1C00001CD7 /* Release */,
			);
			defaultConfigurationIsVisible = 0;
			defaultConfigurationName = Release;
		};
		42BD0D18286F1D1C00001CD7 /* Build configuration list for PBXNativeTarget "Reveal" */ = {
			isa = XCConfigurationList;
			buildConfigurations = (
				42BD0D19286F1D1C00001CD7 /* Debug */,
				42BD0D1A286F1D1C00001CD7 /* Release */,
			);
			defaultConfigurationIsVisible = 0;
			defaultConfigurationName = Release;
		};
		42BD0D1B286F1D1C00001CD7 /* Build configuration list for PBXNativeTarget "RevealTests" */ = {
			isa = XCConfigurationList;
			buildConfigurations = (
				42BD0D1C286F1D1C00001CD7 /* Debug */,
				42BD0D1D286F1D1C00001CD7 /* Release */,
			);
			defaultConfigurationIsVisible = 0;
			defaultConfigurationName = Release;
		};
		42BD0D1E286F1D1C00001CD7 /* Build configuration list for PBXNativeTarget "RevealUITests" */ = {
			isa = XCConfigurationList;
			buildConfigurations = (
				42BD0D1F286F1D1C00001CD7 /* Debug */,
				42BD0D20286F1D1C00001CD7 /* Release */,
			);
			defaultConfigurationIsVisible = 0;
			defaultConfigurationName = Release;
		};
/* End XCConfigurationList section */

/* Begin XCRemoteSwiftPackageReference section */
		4263DA592883C092003C109B /* XCRemoteSwiftPackageReference "firebase-ios-sdk" */ = {
			isa = XCRemoteSwiftPackageReference;
			repositoryURL = "https://github.com/firebase/firebase-ios-sdk";
			requirement = {
				kind = upToNextMinorVersion;
				minimumVersion = 9.3.0;
			};
		};
		426496242885CEDC004909B4 /* XCRemoteSwiftPackageReference "Kingfisher" */ = {
			isa = XCRemoteSwiftPackageReference;
			repositoryURL = "https://github.com/onevcat/Kingfisher.git";
			requirement = {
				kind = upToNextMajorVersion;
				minimumVersion = 7.0.0;
			};
		};
/* End XCRemoteSwiftPackageReference section */

/* Begin XCSwiftPackageProductDependency section */
		4263DA5A2883C092003C109B /* FirebaseAnalytics */ = {
			isa = XCSwiftPackageProductDependency;
			package = 4263DA592883C092003C109B /* XCRemoteSwiftPackageReference "firebase-ios-sdk" */;
			productName = FirebaseAnalytics;
		};
		4263DA5C2883C092003C109B /* FirebaseAnalyticsSwift */ = {
			isa = XCSwiftPackageProductDependency;
			package = 4263DA592883C092003C109B /* XCRemoteSwiftPackageReference "firebase-ios-sdk" */;
			productName = FirebaseAnalyticsSwift;
		};
		4263DA5E2883C092003C109B /* FirebaseAuth */ = {
			isa = XCSwiftPackageProductDependency;
			package = 4263DA592883C092003C109B /* XCRemoteSwiftPackageReference "firebase-ios-sdk" */;
			productName = FirebaseAuth;
		};
		4263DA602883C092003C109B /* FirebaseFirestore */ = {
			isa = XCSwiftPackageProductDependency;
			package = 4263DA592883C092003C109B /* XCRemoteSwiftPackageReference "firebase-ios-sdk" */;
			productName = FirebaseFirestore;
		};
		4263DA622883C092003C109B /* FirebaseFirestoreSwift */ = {
			isa = XCSwiftPackageProductDependency;
			package = 4263DA592883C092003C109B /* XCRemoteSwiftPackageReference "firebase-ios-sdk" */;
			productName = FirebaseFirestoreSwift;
		};
		4263DA642883C092003C109B /* FirebaseStorage */ = {
			isa = XCSwiftPackageProductDependency;
			package = 4263DA592883C092003C109B /* XCRemoteSwiftPackageReference "firebase-ios-sdk" */;
			productName = FirebaseStorage;
		};
		426496252885CEDC004909B4 /* Kingfisher */ = {
			isa = XCSwiftPackageProductDependency;
			package = 426496242885CEDC004909B4 /* XCRemoteSwiftPackageReference "Kingfisher" */;
			productName = Kingfisher;
		};
/* End XCSwiftPackageProductDependency section */
	};
	rootObject = 42BD0CEC286F1D0000001CD7 /* Project object */;
}
